
Microsoft Visual Studio Solution File, Format Version 12.00
# Visual Studio Version 17
VisualStudioVersion = 17.4.33213.308
MinimumVisualStudioVersion = 10.0.40219.1
Project("{9A19103F-16F7-4668-BE54-9A1E7A4F7556}") = "botBinance", "botBinance\botBinance.csproj", "{52489978-0D16-4264-ADE0-4CF4E9200AEC}"
EndProject
Global
	GlobalSection(SolutionConfigurationPlatforms) = preSolution
		Debug|Any CPU = Debug|Any CPU
		Release|Any CPU = Release|Any CPU
	EndGlobalSection
	GlobalSection(ProjectConfigurationPlatforms) = postSolution
		{52489978-0D16-4264-ADE0-4CF4E9200AEC}.Debug|Any CPU.ActiveCfg = Debug|Any CPU
		{52489978-0D16-4264-ADE0-4CF4E9200AEC}.Debug|Any CPU.Build.0 = Debug|Any CPU
		{52489978-0D16-4264-ADE0-4CF4E9200AEC}.Release|Any CPU.ActiveCfg = Release|Any CPU
		{52489978-0D16-4264-ADE0-4CF4E9200AEC}.Release|Any CPU.Build.0 = Release|Any CPU
	EndGlobalSection
	GlobalSection(SolutionProperties) = preSolution
		HideSolutionNode = FALSE
	EndGlobalSection
	GlobalSection(ExtensibilityGlobals) = postSolution
		SolutionGuid = {78E99AAE-BCFD-4F37-BC90-74537A59DC96}
	EndGlobalSection
EndGlobal
